
Microsoft Visual Studio Solution File, Format Version 12.00
# Visual Studio Version 17
VisualStudioVersion = 17.9.34607.119
MinimumVisualStudioVersion = 10.0.40219.1
Project("{FAE04EC0-301F-11D3-BF4B-00C04F79EFBC}") = "Faculty.API", "Faculty.API\Faculty.API.csproj", "{56631EF2-312F-4C8B-8E90-C637D9E3432B}"
EndProject
Global
	GlobalSection(SolutionConfigurationPlatforms) = preSolution
		Debug|Any CPU = Debug|Any CPU
		Release|Any CPU = Release|Any CPU
	EndGlobalSection
	GlobalSection(ProjectConfigurationPlatforms) = postSolution
		{56631EF2-312F-4C8B-8E90-C637D9E3432B}.Debug|Any CPU.ActiveCfg = Debug|Any CPU
		{56631EF2-312F-4C8B-8E90-C637D9E3432B}.Debug|Any CPU.Build.0 = Debug|Any CPU
		{56631EF2-312F-4C8B-8E90-C637D9E3432B}.Release|Any CPU.ActiveCfg = Release|Any CPU
		{56631EF2-312F-4C8B-8E90-C637D9E3432B}.Release|Any CPU.Build.0 = Release|Any CPU
	EndGlobalSection
	GlobalSection(SolutionProperties) = preSolution
		HideSolutionNode = FALSE
	EndGlobalSection
	GlobalSection(ExtensibilityGlobals) = postSolution
		SolutionGuid = {581814D6-9AFF-40F0-BF8C-A3B326F1E216}
	EndGlobalSection
EndGlobal
